
Microsoft Visual Studio Solution File, Format Version 12.00
# Visual Studio 15
VisualStudioVersion = 15.0.28307.757
MinimumVisualStudioVersion = 10.0.40219.1
Project("{8BC9CEB8-8B4A-11D0-8D11-00A0C91BC942}") = "qPDF", "qPDF\qPDF.vcxproj", "{B12702AD-ABFB-343A-A199-8E24837244A3}"
EndProject
Project("{8BC9CEB8-8B4A-11D0-8D11-00A0C91BC942}") = "libmupdf", "third_party\mupdf\platform\win32\libmupdf.vcxproj", "{5F615F91-DFF8-4F05-BF48-6222B7D86519}"
EndProject
Project("{8BC9CEB8-8B4A-11D0-8D11-00A0C91BC942}") = "pdf_engine", "pdf_engine\pdf_engine.vcxproj", "{B1BBBD24-F4B0-4EA3-8FB0-6D69A533EF6D}"
EndProject
Global
	GlobalSection(SolutionConfigurationPlatforms) = preSolution
		Debug|x64 = Debug|x64
		Debug|x86 = Debug|x86
		DebugCommercial|x64 = DebugCommercial|x64
		DebugCommercial|x86 = DebugCommercial|x86
		DebugJava|x64 = DebugJava|x64
		DebugJava|x86 = DebugJava|x86
		DebugOpenssl|x64 = DebugOpenssl|x64
		DebugOpenssl|x86 = DebugOpenssl|x86
		Memento|x64 = Memento|x64
		Memento|x86 = Memento|x86
		MementoCommercial|x64 = MementoCommercial|x64
		MementoCommercial|x86 = MementoCommercial|x86
		MementoOpenSSL|x64 = MementoOpenSSL|x64
		MementoOpenSSL|x86 = MementoOpenSSL|x86
		Release|x64 = Release|x64
		Release|x86 = Release|x86
		ReleaseCommercial|x64 = ReleaseCommercial|x64
		ReleaseCommercial|x86 = ReleaseCommercial|x86
		ReleaseJava|x64 = ReleaseJava|x64
		ReleaseJava|x86 = ReleaseJava|x86
		ReleaseOpenssl|x64 = ReleaseOpenssl|x64
		ReleaseOpenssl|x86 = ReleaseOpenssl|x86
	EndGlobalSection
	GlobalSection(ProjectConfigurationPlatforms) = postSolution
		{B12702AD-ABFB-343A-A199-8E24837244A3}.Debug|x64.ActiveCfg = Debug|Win32
		{B12702AD-ABFB-343A-A199-8E24837244A3}.Debug|x86.ActiveCfg = Debug|Win32
		{B12702AD-ABFB-343A-A199-8E24837244A3}.Debug|x86.Build.0 = Debug|Win32
		{B12702AD-ABFB-343A-A199-8E24837244A3}.DebugCommercial|x64.ActiveCfg = Release|Win32
		{B12702AD-ABFB-343A-A199-8E24837244A3}.DebugCommercial|x64.Build.0 = Release|Win32
		{B12702AD-ABFB-343A-A199-8E24837244A3}.DebugCommercial|x86.ActiveCfg = Debug|Win32
		{B12702AD-ABFB-343A-A199-8E24837244A3}.DebugCommercial|x86.Build.0 = Debug|Win32
		{B12702AD-ABFB-343A-A199-8E24837244A3}.DebugJava|x64.ActiveCfg = Release|Win32
		{B12702AD-ABFB-343A-A199-8E24837244A3}.DebugJava|x64.Build.0 = Release|Win32
		{B12702AD-ABFB-343A-A199-8E24837244A3}.DebugJava|x86.ActiveCfg = Debug|Win32
		{B12702AD-ABFB-343A-A199-8E24837244A3}.DebugJava|x86.Build.0 = Debug|Win32
		{B12702AD-ABFB-343A-A199-8E24837244A3}.DebugOpenssl|x64.ActiveCfg = Release|Win32
		{B12702AD-ABFB-343A-A199-8E24837244A3}.DebugOpenssl|x64.Build.0 = Release|Win32
		{B12702AD-ABFB-343A-A199-8E24837244A3}.DebugOpenssl|x86.ActiveCfg = Debug|Win32
		{B12702AD-ABFB-343A-A199-8E24837244A3}.DebugOpenssl|x86.Build.0 = Debug|Win32
		{B12702AD-ABFB-343A-A199-8E24837244A3}.Memento|x64.ActiveCfg = Release|Win32
		{B12702AD-ABFB-343A-A199-8E24837244A3}.Memento|x64.Build.0 = Release|Win32
		{B12702AD-ABFB-343A-A199-8E24837244A3}.Memento|x86.ActiveCfg = Release|Win32
		{B12702AD-ABFB-343A-A199-8E24837244A3}.Memento|x86.Build.0 = Release|Win32
		{B12702AD-ABFB-343A-A199-8E24837244A3}.MementoCommercial|x64.ActiveCfg = Release|Win32
		{B12702AD-ABFB-343A-A199-8E24837244A3}.MementoCommercial|x64.Build.0 = Release|Win32
		{B12702AD-ABFB-343A-A199-8E24837244A3}.MementoCommercial|x86.ActiveCfg = Release|Win32
		{B12702AD-ABFB-343A-A199-8E24837244A3}.MementoCommercial|x86.Build.0 = Release|Win32
		{B12702AD-ABFB-343A-A199-8E24837244A3}.MementoOpenSSL|x64.ActiveCfg = Release|Win32
		{B12702AD-ABFB-343A-A199-8E24837244A3}.MementoOpenSSL|x64.Build.0 = Release|Win32
		{B12702AD-ABFB-343A-A199-8E24837244A3}.MementoOpenSSL|x86.ActiveCfg = Release|Win32
		{B12702AD-ABFB-343A-A199-8E24837244A3}.MementoOpenSSL|x86.Build.0 = Release|Win32
		{B12702AD-ABFB-343A-A199-8E24837244A3}.Release|x64.ActiveCfg = Release|Win32
		{B12702AD-ABFB-343A-A199-8E24837244A3}.Release|x86.ActiveCfg = Release|Win32
		{B12702AD-ABFB-343A-A199-8E24837244A3}.Release|x86.Build.0 = Release|Win32
		{B12702AD-ABFB-343A-A199-8E24837244A3}.ReleaseCommercial|x64.ActiveCfg = Release|Win32
		{B12702AD-ABFB-343A-A199-8E24837244A3}.ReleaseCommercial|x64.Build.0 = Release|Win32
		{B12702AD-ABFB-343A-A199-8E24837244A3}.ReleaseCommercial|x86.ActiveCfg = Release|Win32
		{B12702AD-ABFB-343A-A199-8E24837244A3}.ReleaseCommercial|x86.Build.0 = Release|Win32
		{B12702AD-ABFB-343A-A199-8E24837244A3}.ReleaseJava|x64.ActiveCfg = Release|Win32
		{B12702AD-ABFB-343A-A199-8E24837244A3}.ReleaseJava|x64.Build.0 = Release|Win32
		{B12702AD-ABFB-343A-A199-8E24837244A3}.ReleaseJava|x86.ActiveCfg = Release|Win32
		{B12702AD-ABFB-343A-A199-8E24837244A3}.ReleaseJava|x86.Build.0 = Release|Win32
		{B12702AD-ABFB-343A-A199-8E24837244A3}.ReleaseOpenssl|x64.ActiveCfg = Release|Win32
		{B12702AD-ABFB-343A-A199-8E24837244A3}.ReleaseOpenssl|x64.Build.0 = Release|Win32
		{B12702AD-ABFB-343A-A199-8E24837244A3}.ReleaseOpenssl|x86.ActiveCfg = Release|Win32
		{B12702AD-ABFB-343A-A199-8E24837244A3}.ReleaseOpenssl|x86.Build.0 = Release|Win32
		{5F615F91-DFF8-4F05-BF48-6222B7D86519}.Debug|x64.ActiveCfg = Debug|x64
		{5F615F91-DFF8-4F05-BF48-6222B7D86519}.Debug|x64.Build.0 = Debug|x64
		{5F615F91-DFF8-4F05-BF48-6222B7D86519}.Debug|x86.ActiveCfg = Debug|Win32
		{5F615F91-DFF8-4F05-BF48-6222B7D86519}.Debug|x86.Build.0 = Debug|Win32
		{5F615F91-DFF8-4F05-BF48-6222B7D86519}.DebugCommercial|x64.ActiveCfg = DebugCommercial|x64
		{5F615F91-DFF8-4F05-BF48-6222B7D86519}.DebugCommercial|x64.Build.0 = DebugCommercial|x64
		{5F615F91-DFF8-4F05-BF48-6222B7D86519}.DebugCommercial|x86.ActiveCfg = DebugCommercial|Win32
		{5F615F91-DFF8-4F05-BF48-6222B7D86519}.DebugCommercial|x86.Build.0 = DebugCommercial|Win32
		{5F615F91-DFF8-4F05-BF48-6222B7D86519}.DebugJava|x64.ActiveCfg = DebugJava|x64
		{5F615F91-DFF8-4F05-BF48-6222B7D86519}.DebugJava|x64.Build.0 = DebugJava|x64
		{5F615F91-DFF8-4F05-BF48-6222B7D86519}.DebugJava|x86.ActiveCfg = DebugJava|Win32
		{5F615F91-DFF8-4F05-BF48-6222B7D86519}.DebugJava|x86.Build.0 = DebugJava|Win32
		{5F615F91-DFF8-4F05-BF48-6222B7D86519}.DebugOpenssl|x64.ActiveCfg = DebugOpenssl|x64
		{5F615F91-DFF8-4F05-BF48-6222B7D86519}.DebugOpenssl|x64.Build.0 = DebugOpenssl|x64
		{5F615F91-DFF8-4F05-BF48-6222B7D86519}.DebugOpenssl|x86.ActiveCfg = DebugOpenssl|Win32
		{5F615F91-DFF8-4F05-BF48-6222B7D86519}.DebugOpenssl|x86.Build.0 = DebugOpenssl|Win32
		{5F615F91-DFF8-4F05-BF48-6222B7D86519}.Memento|x64.ActiveCfg = Memento|x64
		{5F615F91-DFF8-4F05-BF48-6222B7D86519}.Memento|x64.Build.0 = Memento|x64
		{5F615F91-DFF8-4F05-BF48-6222B7D86519}.Memento|x86.ActiveCfg = Memento|Win32
		{5F615F91-DFF8-4F05-BF48-6222B7D86519}.Memento|x86.Build.0 = Memento|Win32
		{5F615F91-DFF8-4F05-BF48-6222B7D86519}.MementoCommercial|x64.ActiveCfg = MementoCommercial|x64
		{5F615F91-DFF8-4F05-BF48-6222B7D86519}.MementoCommercial|x64.Build.0 = MementoCommercial|x64
		{5F615F91-DFF8-4F05-BF48-6222B7D86519}.MementoCommercial|x86.ActiveCfg = MementoCommercial|Win32
		{5F615F91-DFF8-4F05-BF48-6222B7D86519}.MementoCommercial|x86.Build.0 = MementoCommercial|Win32
		{5F615F91-DFF8-4F05-BF48-6222B7D86519}.MementoOpenSSL|x64.ActiveCfg = MementoOpenSSL|x64
		{5F615F91-DFF8-4F05-BF48-6222B7D86519}.MementoOpenSSL|x64.Build.0 = MementoOpenSSL|x64
		{5F615F91-DFF8-4F05-BF48-6222B7D86519}.MementoOpenSSL|x86.ActiveCfg = MementoOpenSSL|Win32
		{5F615F91-DFF8-4F05-BF48-6222B7D86519}.MementoOpenSSL|x86.Build.0 = MementoOpenSSL|Win32
		{5F615F91-DFF8-4F05-BF48-6222B7D86519}.Release|x64.ActiveCfg = Release|x64
		{5F615F91-DFF8-4F05-BF48-6222B7D86519}.Release|x64.Build.0 = Release|x64
		{5F615F91-DFF8-4F05-BF48-6222B7D86519}.Release|x86.ActiveCfg = Release|Win32
		{5F615F91-DFF8-4F05-BF48-6222B7D86519}.Release|x86.Build.0 = Release|Win32
		{5F615F91-DFF8-4F05-BF48-6222B7D86519}.ReleaseCommercial|x64.ActiveCfg = ReleaseCommercial|x64
		{5F615F91-DFF8-4F05-BF48-6222B7D86519}.ReleaseCommercial|x64.Build.0 = ReleaseCommercial|x64
		{5F615F91-DFF8-4F05-BF48-6222B7D86519}.ReleaseCommercial|x86.ActiveCfg = ReleaseCommercial|Win32
		{5F615F91-DFF8-4F05-BF48-6222B7D86519}.ReleaseCommercial|x86.Build.0 = ReleaseCommercial|Win32
		{5F615F91-DFF8-4F05-BF48-6222B7D86519}.ReleaseJava|x64.ActiveCfg = ReleaseJava|x64
		{5F615F91-DFF8-4F05-BF48-6222B7D86519}.ReleaseJava|x64.Build.0 = ReleaseJava|x64
		{5F615F91-DFF8-4F05-BF48-6222B7D86519}.ReleaseJava|x86.ActiveCfg = ReleaseJava|Win32
		{5F615F91-DFF8-4F05-BF48-6222B7D86519}.ReleaseJava|x86.Build.0 = ReleaseJava|Win32
		{5F615F91-DFF8-4F05-BF48-6222B7D86519}.ReleaseOpenssl|x64.ActiveCfg = ReleaseOpenssl|x64
		{5F615F91-DFF8-4F05-BF48-6222B7D86519}.ReleaseOpenssl|x64.Build.0 = ReleaseOpenssl|x64
		{5F615F91-DFF8-4F05-BF48-6222B7D86519}.ReleaseOpenssl|x86.ActiveCfg = ReleaseOpenssl|Win32
		{5F615F91-DFF8-4F05-BF48-6222B7D86519}.ReleaseOpenssl|x86.Build.0 = ReleaseOpenssl|Win32
		{B1BBBD24-F4B0-4EA3-8FB0-6D69A533EF6D}.Debug|x64.ActiveCfg = Debug|x64
		{B1BBBD24-F4B0-4EA3-8FB0-6D69A533EF6D}.Debug|x64.Build.0 = Debug|x64
		{B1BBBD24-F4B0-4EA3-8FB0-6D69A533EF6D}.Debug|x86.ActiveCfg = Debug|Win32
		{B1BBBD24-F4B0-4EA3-8FB0-6D69A533EF6D}.Debug|x86.Build.0 = Debug|Win32
		{B1BBBD24-F4B0-4EA3-8FB0-6D69A533EF6D}.DebugCommercial|x64.ActiveCfg = Debug|x64
		{B1BBBD24-F4B0-4EA3-8FB0-6D69A533EF6D}.DebugCommercial|x64.Build.0 = Debug|x64
		{B1BBBD24-F4B0-4EA3-8FB0-6D69A533EF6D}.DebugCommercial|x86.ActiveCfg = Debug|Win32
		{B1BBBD24-F4B0-4EA3-8FB0-6D69A533EF6D}.DebugCommercial|x86.Build.0 = Debug|Win32
		{B1BBBD24-F4B0-4EA3-8FB0-6D69A533EF6D}.DebugJava|x64.ActiveCfg = Debug|x64
		{B1BBBD24-F4B0-4EA3-8FB0-6D69A533EF6D}.DebugJava|x64.Build.0 = Debug|x64
		{B1BBBD24-F4B0-4EA3-8FB0-6D69A533EF6D}.DebugJava|x86.ActiveCfg = Debug|Win32
		{B1BBBD24-F4B0-4EA3-8FB0-6D69A533EF6D}.DebugJava|x86.Build.0 = Debug|Win32
		{B1BBBD24-F4B0-4EA3-8FB0-6D69A533EF6D}.DebugOpenssl|x64.ActiveCfg = Debug|x64
		{B1BBBD24-F4B0-4EA3-8FB0-6D69A533EF6D}.DebugOpenssl|x64.Build.0 = Debug|x64
		{B1BBBD24-F4B0-4EA3-8FB0-6D69A533EF6D}.DebugOpenssl|x86.ActiveCfg = Debug|Win32
		{B1BBBD24-F4B0-4EA3-8FB0-6D69A533EF6D}.DebugOpenssl|x86.Build.0 = Debug|Win32
		{B1BBBD24-F4B0-4EA3-8FB0-6D69A533EF6D}.Memento|x64.ActiveCfg = Release|x64
		{B1BBBD24-F4B0-4EA3-8FB0-6D69A533EF6D}.Memento|x64.Build.0 = Release|x64
		{B1BBBD24-F4B0-4EA3-8FB0-6D69A533EF6D}.Memento|x86.ActiveCfg = Release|Win32
		{B1BBBD24-F4B0-4EA3-8FB0-6D69A533EF6D}.Memento|x86.Build.0 = Release|Win32
		{B1BBBD24-F4B0-4EA3-8FB0-6D69A533EF6D}.MementoCommercial|x64.ActiveCfg = Release|x64
		{B1BBBD24-F4B0-4EA3-8FB0-6D69A533EF6D}.MementoCommercial|x64.Build.0 = Release|x64
		{B1BBBD24-F4B0-4EA3-8FB0-6D69A533EF6D}.MementoCommercial|x86.ActiveCfg = Release|Win32
		{B1BBBD24-F4B0-4EA3-8FB0-6D69A533EF6D}.MementoCommercial|x86.Build.0 = Release|Win32
		{B1BBBD24-F4B0-4EA3-8FB0-6D69A533EF6D}.MementoOpenSSL|x64.ActiveCfg = Release|x64
		{B1BBBD24-F4B0-4EA3-8FB0-6D69A533EF6D}.MementoOpenSSL|x64.Build.0 = Release|x64
		{B1BBBD24-F4B0-4EA3-8FB0-6D69A533EF6D}.MementoOpenSSL|x86.ActiveCfg = Release|Win32
		{B1BBBD24-F4B0-4EA3-8FB0-6D69A533EF6D}.MementoOpenSSL|x86.Build.0 = Release|Win32
		{B1BBBD24-F4B0-4EA3-8FB0-6D69A533EF6D}.Release|x64.ActiveCfg = Release|x64
		{B1BBBD24-F4B0-4EA3-8FB0-6D69A533EF6D}.Release|x64.Build.0 = Release|x64
		{B1BBBD24-F4B0-4EA3-8FB0-6D69A533EF6D}.Release|x86.ActiveCfg = Release|Win32
		{B1BBBD24-F4B0-4EA3-8FB0-6D69A533EF6D}.Release|x86.Build.0 = Release|Win32
		{B1BBBD24-F4B0-4EA3-8FB0-6D69A533EF6D}.ReleaseCommercial|x64.ActiveCfg = Release|x64
		{B1BBBD24-F4B0-4EA3-8FB0-6D69A533EF6D}.ReleaseCommercial|x64.Build.0 = Release|x64
		{B1BBBD24-F4B0-4EA3-8FB0-6D69A533EF6D}.ReleaseCommercial|x86.ActiveCfg = Release|Win32
		{B1BBBD24-F4B0-4EA3-8FB0-6D69A533EF6D}.ReleaseCommercial|x86.Build.0 = Release|Win32
		{B1BBBD24-F4B0-4EA3-8FB0-6D69A533EF6D}.ReleaseJava|x64.ActiveCfg = Release|x64
		{B1BBBD24-F4B0-4EA3-8FB0-6D69A533EF6D}.ReleaseJava|x64.Build.0 = Release|x64
		{B1BBBD24-F4B0-4EA3-8FB0-6D69A533EF6D}.ReleaseJava|x86.ActiveCfg = Release|Win32
		{B1BBBD24-F4B0-4EA3-8FB0-6D69A533EF6D}.ReleaseJava|x86.Build.0 = Release|Win32
		{B1BBBD24-F4B0-4EA3-8FB0-6D69A533EF6D}.ReleaseOpenssl|x64.ActiveCfg = Release|x64
		{B1BBBD24-F4B0-4EA3-8FB0-6D69A533EF6D}.ReleaseOpenssl|x64.Build.0 = Release|x64
		{B1BBBD24-F4B0-4EA3-8FB0-6D69A533EF6D}.ReleaseOpenssl|x86.ActiveCfg = Release|Win32
		{B1BBBD24-F4B0-4EA3-8FB0-6D69A533EF6D}.ReleaseOpenssl|x86.Build.0 = Release|Win32
	EndGlobalSection
	GlobalSection(SolutionProperties) = preSolution
		HideSolutionNode = FALSE
	EndGlobalSection
	GlobalSection(ExtensibilityGlobals) = postSolution
		SolutionGuid = {1A90F158-D170-428C-8150-FC5F40705DF0}
	EndGlobalSection
EndGlobal
